
Microsoft Visual Studio Solution File, Format Version 12.00
# Visual Studio 15
VisualStudioVersion = 15.0.27703.2047
MinimumVisualStudioVersion = 10.0.40219.1
Project("{8BC9CEB8-8B4A-11D0-8D11-00A0C91BC942}") = "Sandbox", "Sandbox\Sandbox.vcxproj", "{C3838236-F463-484C-AA2B-952D6DA06E8B}"
EndProject
Project("{8BC9CEB8-8B4A-11D0-8D11-00A0C91BC942}") = "HellEngine", "HellEngine\HellEngine.vcxproj", "{FB9A6EC9-0D8E-4D0A-B7C8-2C7F770D1B0C}"
EndProject

Global
	GlobalSection(SolutionConfigurationPlatforms) = preSolution
		Debug|x64 = Debug|x64
		Release|x64 = Release|x64
	EndGlobalSection
	GlobalSection(ProjectConfigurationPlatforms) = postSolution
		{FB9A6EC9-0D8E-4D0A-B7C8-2C7F770D1B0C}.Debug|x64.ActiveCfg = Debug|x64
		{FB9A6EC9-0D8E-4D0A-B7C8-2C7F770D1B0C}.Debug|x64.Build.0 = Debug|x64
		{FB9A6EC9-0D8E-4D0A-B7C8-2C7F770D1B0C}.Release|x64.ActiveCfg = Release|x64
		{FB9A6EC9-0D8E-4D0A-B7C8-2C7F770D1B0C}.Release|x64.Build.0 = Release|x64
		{C3838236-F463-484C-AA2B-952D6DA06E8B}.Debug|x64.ActiveCfg = Debug|x64
		{C3838236-F463-484C-AA2B-952D6DA06E8B}.Debug|x64.Build.0 = Debug|x64
		{C3838236-F463-484C-AA2B-952D6DA06E8B}.Release|x64.ActiveCfg = Release|x64
		{C3838236-F463-484C-AA2B-952D6DA06E8B}.Release|x64.Build.0 = Release|x64
	EndGlobalSection
	GlobalSection(SolutionProperties) = preSolution
		HideSolutionNode = FALSE
	EndGlobalSection
	GlobalSection(ExtensibilityGlobals) = postSolution
		SolutionGuid = {00911BCD-C682-4FF0-8BF3-942876ACB5DA}
	EndGlobalSection
EndGlobal
